
Microsoft Visual Studio Solution File, Format Version 12.00
# Visual Studio Version 17
VisualStudioVersion = 17.8.34525.116
MinimumVisualStudioVersion = 10.0.40219.1
Project("{8BC9CEB8-8B4A-11D0-8D11-00A0C91BC942}") = "ExFix01", "ExFix01\ExFix01.vcxproj", "{AC9E3F74-BFCC-41E2-8F82-A757B32DB18E}"
EndProject
Project("{8BC9CEB8-8B4A-11D0-8D11-00A0C91BC942}") = "ExFix02", "ExFix02\ExFix02.vcxproj", "{BE8FB7EA-01E0-4A99-8A99-33FD61E9FA19}"
EndProject
Project("{8BC9CEB8-8B4A-11D0-8D11-00A0C91BC942}") = "ExFix03", "ExFix03\ExFix03.vcxproj", "{E65926DA-4423-47A4-B9D9-CC0B04D77CA6}"
EndProject
Project("{8BC9CEB8-8B4A-11D0-8D11-00A0C91BC942}") = "ExApr01+02", "ExApr01+02\ExApr01+02.vcxproj", "{F556765A-3FB9-4E8A-B080-1107F01EFA34}"
EndProject
Global
	GlobalSection(SolutionConfigurationPlatforms) = preSolution
		Debug|x64 = Debug|x64
		Debug|x86 = Debug|x86
		Release|x64 = Release|x64
		Release|x86 = Release|x86
	EndGlobalSection
	GlobalSection(ProjectConfigurationPlatforms) = postSolution
		{AC9E3F74-BFCC-41E2-8F82-A757B32DB18E}.Debug|x64.ActiveCfg = Debug|x64
		{AC9E3F74-BFCC-41E2-8F82-A757B32DB18E}.Debug|x64.Build.0 = Debug|x64
		{AC9E3F74-BFCC-41E2-8F82-A757B32DB18E}.Debug|x86.ActiveCfg = Debug|Win32
		{AC9E3F74-BFCC-41E2-8F82-A757B32DB18E}.Debug|x86.Build.0 = Debug|Win32
		{AC9E3F74-BFCC-41E2-8F82-A757B32DB18E}.Release|x64.ActiveCfg = Release|x64
		{AC9E3F74-BFCC-41E2-8F82-A757B32DB18E}.Release|x64.Build.0 = Release|x64
		{AC9E3F74-BFCC-41E2-8F82-A757B32DB18E}.Release|x86.ActiveCfg = Release|Win32
		{AC9E3F74-BFCC-41E2-8F82-A757B32DB18E}.Release|x86.Build.0 = Release|Win32
		{BE8FB7EA-01E0-4A99-8A99-33FD61E9FA19}.Debug|x64.ActiveCfg = Debug|x64
		{BE8FB7EA-01E0-4A99-8A99-33FD61E9FA19}.Debug|x64.Build.0 = Debug|x64
		{BE8FB7EA-01E0-4A99-8A99-33FD61E9FA19}.Debug|x86.ActiveCfg = Debug|Win32
		{BE8FB7EA-01E0-4A99-8A99-33FD61E9FA19}.Debug|x86.Build.0 = Debug|Win32
		{BE8FB7EA-01E0-4A99-8A99-33FD61E9FA19}.Release|x64.ActiveCfg = Release|x64
		{BE8FB7EA-01E0-4A99-8A99-33FD61E9FA19}.Release|x64.Build.0 = Release|x64
		{BE8FB7EA-01E0-4A99-8A99-33FD61E9FA19}.Release|x86.ActiveCfg = Release|Win32
		{BE8FB7EA-01E0-4A99-8A99-33FD61E9FA19}.Release|x86.Build.0 = Release|Win32
		{E65926DA-4423-47A4-B9D9-CC0B04D77CA6}.Debug|x64.ActiveCfg = Debug|x64
		{E65926DA-4423-47A4-B9D9-CC0B04D77CA6}.Debug|x64.Build.0 = Debug|x64
		{E65926DA-4423-47A4-B9D9-CC0B04D77CA6}.Debug|x86.ActiveCfg = Debug|Win32
		{E65926DA-4423-47A4-B9D9-CC0B04D77CA6}.Debug|x86.Build.0 = Debug|Win32
		{E65926DA-4423-47A4-B9D9-CC0B04D77CA6}.Release|x64.ActiveCfg = Release|x64
		{E65926DA-4423-47A4-B9D9-CC0B04D77CA6}.Release|x64.Build.0 = Release|x64
		{E65926DA-4423-47A4-B9D9-CC0B04D77CA6}.Release|x86.ActiveCfg = Release|Win32
		{E65926DA-4423-47A4-B9D9-CC0B04D77CA6}.Release|x86.Build.0 = Release|Win32
		{F556765A-3FB9-4E8A-B080-1107F01EFA34}.Debug|x64.ActiveCfg = Debug|x64
		{F556765A-3FB9-4E8A-B080-1107F01EFA34}.Debug|x64.Build.0 = Debug|x64
		{F556765A-3FB9-4E8A-B080-1107F01EFA34}.Debug|x86.ActiveCfg = Debug|Win32
		{F556765A-3FB9-4E8A-B080-1107F01EFA34}.Debug|x86.Build.0 = Debug|Win32
		{F556765A-3FB9-4E8A-B080-1107F01EFA34}.Release|x64.ActiveCfg = Release|x64
		{F556765A-3FB9-4E8A-B080-1107F01EFA34}.Release|x64.Build.0 = Release|x64
		{F556765A-3FB9-4E8A-B080-1107F01EFA34}.Release|x86.ActiveCfg = Release|Win32
		{F556765A-3FB9-4E8A-B080-1107F01EFA34}.Release|x86.Build.0 = Release|Win32
	EndGlobalSection
	GlobalSection(SolutionProperties) = preSolution
		HideSolutionNode = FALSE
	EndGlobalSection
	GlobalSection(ExtensibilityGlobals) = postSolution
		SolutionGuid = {43A6A7BD-D36D-4656-B92C-E32167331944}
	EndGlobalSection
EndGlobal
